
Microsoft Visual Studio Solution File, Format Version 12.00
# Visual Studio 15
VisualStudioVersion = 15.0.26730.3
MinimumVisualStudioVersion = 10.0.40219.1
Project("{FAE04EC0-301F-11D3-BF4B-00C04F79EFBC}") = "Prypo", "Prypo\Prypo.csproj", "{66BAA28A-E713-4355-90EF-84242AD85D24}"
EndProject
Project("{FAE04EC0-301F-11D3-BF4B-00C04F79EFBC}") = "Dbase", "Dbase\Dbase.csproj", "{4CAEA731-D786-46EF-94F3-C3C5FAFDE33E}"
EndProject
Global
	GlobalSection(SolutionConfigurationPlatforms) = preSolution
		Debug|Any CPU = Debug|Any CPU
		Release|Any CPU = Release|Any CPU
	EndGlobalSection
	GlobalSection(ProjectConfigurationPlatforms) = postSolution
		{66BAA28A-E713-4355-90EF-84242AD85D24}.Debug|Any CPU.ActiveCfg = Debug|Any CPU
		{66BAA28A-E713-4355-90EF-84242AD85D24}.Debug|Any CPU.Build.0 = Debug|Any CPU
		{66BAA28A-E713-4355-90EF-84242AD85D24}.Release|Any CPU.ActiveCfg = Release|Any CPU
		{66BAA28A-E713-4355-90EF-84242AD85D24}.Release|Any CPU.Build.0 = Release|Any CPU
		{4CAEA731-D786-46EF-94F3-C3C5FAFDE33E}.Debug|Any CPU.ActiveCfg = Debug|Any CPU
		{4CAEA731-D786-46EF-94F3-C3C5FAFDE33E}.Debug|Any CPU.Build.0 = Debug|Any CPU
		{4CAEA731-D786-46EF-94F3-C3C5FAFDE33E}.Release|Any CPU.ActiveCfg = Release|Any CPU
		{4CAEA731-D786-46EF-94F3-C3C5FAFDE33E}.Release|Any CPU.Build.0 = Release|Any CPU
	EndGlobalSection
	GlobalSection(SolutionProperties) = preSolution
		HideSolutionNode = FALSE
	EndGlobalSection
	GlobalSection(ExtensibilityGlobals) = postSolution
		SolutionGuid = {A5FD3FE5-4C77-4BEA-9543-96D5823CBD27}
	EndGlobalSection
EndGlobal
